# This file is autogenerated, do not edit; changes may be undone by the next 'dep ensure'.


[[projects]]
  branch = "master"
  digest = "1:9112dea7313a63ef01673d14e6c83129e1652f651f44e7f1d6d2f21eed0fa777"
  name = "github.com/Netflix/go-env"
  packages = ["."]
  pruneopts = "UT"
  revision = "1e80ef5003ef234880e1dbf1436a5c84f917cfcf"

[solve-meta]
  analyzer-name = "dep"
  analyzer-version = 1
  input-imports = ["github.com/Netflix/go-env"]
  solver-name = "gps-cdcl"
  solver-version = 1
